
Microsoft Visual Studio Solution File, Format Version 12.00
# Visual Studio Version 17
VisualStudioVersion = 17.3.32901.215
MinimumVisualStudioVersion = 10.0.40219.1
Project("{FAE04EC0-301F-11D3-BF4B-00C04F79EFBC}") = "PasswordManager", "PasswordManager\PasswordManager.csproj", "{CE141627-FF94-41C9-AA1B-6C2146098C09}"
EndProject
Global
	GlobalSection(SolutionConfigurationPlatforms) = preSolution
		Debug|Any CPU = Debug|Any CPU
		Release|Any CPU = Release|Any CPU
	EndGlobalSection
	GlobalSection(ProjectConfigurationPlatforms) = postSolution
		{CE141627-FF94-41C9-AA1B-6C2146098C09}.Debug|Any CPU.ActiveCfg = Debug|Any CPU
		{CE141627-FF94-41C9-AA1B-6C2146098C09}.Debug|Any CPU.Build.0 = Debug|Any CPU
		{CE141627-FF94-41C9-AA1B-6C2146098C09}.Release|Any CPU.ActiveCfg = Release|Any CPU
		{CE141627-FF94-41C9-AA1B-6C2146098C09}.Release|Any CPU.Build.0 = Release|Any CPU
	EndGlobalSection
	GlobalSection(SolutionProperties) = preSolution
		HideSolutionNode = FALSE
	EndGlobalSection
	GlobalSection(ExtensibilityGlobals) = postSolution
		SolutionGuid = {3492EBAB-5365-4944-8692-5A6EB9FDA364}
	EndGlobalSection
EndGlobal
